
Microsoft Visual Studio Solution File, Format Version 12.00
# Visual Studio Version 16
VisualStudioVersion = 16.0.31424.327
MinimumVisualStudioVersion = 10.0.40219.1
Project("{FAE04EC0-301F-11D3-BF4B-00C04F79EFBC}") = "Calculadora", "Calculadora\Calculadora.csproj", "{7ED8D2C2-AAD3-469B-AFA0-2984C4F62BED}"
EndProject
Global
	GlobalSection(SolutionConfigurationPlatforms) = preSolution
		Debug|Any CPU = Debug|Any CPU
		Release|Any CPU = Release|Any CPU
	EndGlobalSection
	GlobalSection(ProjectConfigurationPlatforms) = postSolution
		{7ED8D2C2-AAD3-469B-AFA0-2984C4F62BED}.Debug|Any CPU.ActiveCfg = Debug|Any CPU
		{7ED8D2C2-AAD3-469B-AFA0-2984C4F62BED}.Debug|Any CPU.Build.0 = Debug|Any CPU
		{7ED8D2C2-AAD3-469B-AFA0-2984C4F62BED}.Release|Any CPU.ActiveCfg = Release|Any CPU
		{7ED8D2C2-AAD3-469B-AFA0-2984C4F62BED}.Release|Any CPU.Build.0 = Release|Any CPU
	EndGlobalSection
	GlobalSection(SolutionProperties) = preSolution
		HideSolutionNode = FALSE
	EndGlobalSection
	GlobalSection(ExtensibilityGlobals) = postSolution
		SolutionGuid = {6284D299-0ACF-4B66-B268-69020B283C9D}
	EndGlobalSection
EndGlobal
